
Microsoft Visual Studio Solution File, Format Version 12.00
# Visual Studio Version 16
VisualStudioVersion = 16.0.30114.105
MinimumVisualStudioVersion = 10.0.40219.1
Project("{FAE04EC0-301F-11D3-BF4B-00C04F79EFBC}") = "R5T.Solutas.Tiros", "R5T.Solutas.Tiros\R5T.Solutas.Tiros.csproj", "{A784B83F-25DE-4FB7-8070-5BC33E601344}"
EndProject
Project("{FAE04EC0-301F-11D3-BF4B-00C04F79EFBC}") = "R5T.Solutas.Tiros.Construction", "R5T.Solutas.Tiros.Construction\R5T.Solutas.Tiros.Construction.csproj", "{7419714B-985D-4476-BCFC-3B7D5DB04B8D}"
EndProject
Project("{FAE04EC0-301F-11D3-BF4B-00C04F79EFBC}") = "R5T.Solutas.Tiros.Testing", "R5T.Solutas.Tiros.Testing\R5T.Solutas.Tiros.Testing.csproj", "{73573E58-6B73-49DD-BCDA-320F1D73CCE6}"
EndProject
Global
	GlobalSection(SolutionConfigurationPlatforms) = preSolution
		Debug|Any CPU = Debug|Any CPU
		Debug|x64 = Debug|x64
		Debug|x86 = Debug|x86
		Release|Any CPU = Release|Any CPU
		Release|x64 = Release|x64
		Release|x86 = Release|x86
	EndGlobalSection
	GlobalSection(SolutionProperties) = preSolution
		HideSolutionNode = FALSE
	EndGlobalSection
	GlobalSection(ProjectConfigurationPlatforms) = postSolution
		{A784B83F-25DE-4FB7-8070-5BC33E601344}.Debug|Any CPU.ActiveCfg = Debug|Any CPU
		{A784B83F-25DE-4FB7-8070-5BC33E601344}.Debug|Any CPU.Build.0 = Debug|Any CPU
		{A784B83F-25DE-4FB7-8070-5BC33E601344}.Debug|x64.ActiveCfg = Debug|Any CPU
		{A784B83F-25DE-4FB7-8070-5BC33E601344}.Debug|x64.Build.0 = Debug|Any CPU
		{A784B83F-25DE-4FB7-8070-5BC33E601344}.Debug|x86.ActiveCfg = Debug|Any CPU
		{A784B83F-25DE-4FB7-8070-5BC33E601344}.Debug|x86.Build.0 = Debug|Any CPU
		{A784B83F-25DE-4FB7-8070-5BC33E601344}.Release|Any CPU.ActiveCfg = Release|Any CPU
		{A784B83F-25DE-4FB7-8070-5BC33E601344}.Release|Any CPU.Build.0 = Release|Any CPU
		{A784B83F-25DE-4FB7-8070-5BC33E601344}.Release|x64.ActiveCfg = Release|Any CPU
		{A784B83F-25DE-4FB7-8070-5BC33E601344}.Release|x64.Build.0 = Release|Any CPU
		{A784B83F-25DE-4FB7-8070-5BC33E601344}.Release|x86.ActiveCfg = Release|Any CPU
		{A784B83F-25DE-4FB7-8070-5BC33E601344}.Release|x86.Build.0 = Release|Any CPU
		{7419714B-985D-4476-BCFC-3B7D5DB04B8D}.Debug|Any CPU.ActiveCfg = Debug|Any CPU
		{7419714B-985D-4476-BCFC-3B7D5DB04B8D}.Debug|Any CPU.Build.0 = Debug|Any CPU
		{7419714B-985D-4476-BCFC-3B7D5DB04B8D}.Debug|x64.ActiveCfg = Debug|Any CPU
		{7419714B-985D-4476-BCFC-3B7D5DB04B8D}.Debug|x64.Build.0 = Debug|Any CPU
		{7419714B-985D-4476-BCFC-3B7D5DB04B8D}.Debug|x86.ActiveCfg = Debug|Any CPU
		{7419714B-985D-4476-BCFC-3B7D5DB04B8D}.Debug|x86.Build.0 = Debug|Any CPU
		{7419714B-985D-4476-BCFC-3B7D5DB04B8D}.Release|Any CPU.ActiveCfg = Release|Any CPU
		{7419714B-985D-4476-BCFC-3B7D5DB04B8D}.Release|Any CPU.Build.0 = Release|Any CPU
		{7419714B-985D-4476-BCFC-3B7D5DB04B8D}.Release|x64.ActiveCfg = Release|Any CPU
		{7419714B-985D-4476-BCFC-3B7D5DB04B8D}.Release|x64.Build.0 = Release|Any CPU
		{7419714B-985D-4476-BCFC-3B7D5DB04B8D}.Release|x86.ActiveCfg = Release|Any CPU
		{7419714B-985D-4476-BCFC-3B7D5DB04B8D}.Release|x86.Build.0 = Release|Any CPU
		{73573E58-6B73-49DD-BCDA-320F1D73CCE6}.Debug|Any CPU.ActiveCfg = Debug|Any CPU
		{73573E58-6B73-49DD-BCDA-320F1D73CCE6}.Debug|Any CPU.Build.0 = Debug|Any CPU
		{73573E58-6B73-49DD-BCDA-320F1D73CCE6}.Debug|x64.ActiveCfg = Debug|Any CPU
		{73573E58-6B73-49DD-BCDA-320F1D73CCE6}.Debug|x64.Build.0 = Debug|Any CPU
		{73573E58-6B73-49DD-BCDA-320F1D73CCE6}.Debug|x86.ActiveCfg = Debug|Any CPU
		{73573E58-6B73-49DD-BCDA-320F1D73CCE6}.Debug|x86.Build.0 = Debug|Any CPU
		{73573E58-6B73-49DD-BCDA-320F1D73CCE6}.Release|Any CPU.ActiveCfg = Release|Any CPU
		{73573E58-6B73-49DD-BCDA-320F1D73CCE6}.Release|Any CPU.Build.0 = Release|Any CPU
		{73573E58-6B73-49DD-BCDA-320F1D73CCE6}.Release|x64.ActiveCfg = Release|Any CPU
		{73573E58-6B73-49DD-BCDA-320F1D73CCE6}.Release|x64.Build.0 = Release|Any CPU
		{73573E58-6B73-49DD-BCDA-320F1D73CCE6}.Release|x86.ActiveCfg = Release|Any CPU
		{73573E58-6B73-49DD-BCDA-320F1D73CCE6}.Release|x86.Build.0 = Release|Any CPU
	EndGlobalSection
EndGlobal
